# Prisma Migrate lockfile v1

20201017193422-initial_migration
20201017200237-remvoe_chat_model
20201019041156-add_chats_table
20201026210046-add_file_model_and_table
20201026210305-name_files_table
20201026210739-make_userid_field_nullable_on_files
20201026211156-reapply_optional_fields
20201027005830-add_boolean_field_to_messages